// !$*UTF8*$!
{
	archiveVersion = 1;
	classes = {
	};
	objectVersion = 50;
	objects = {

/* Begin PBXBuildFile section */
		C050FC52236F414100816B6B /* LocalDataManagerMock.swift in Sources */ = {isa = PBXBuildFile; fileRef = C050FC51236F414100816B6B /* LocalDataManagerMock.swift */; };
		C050FC54236F436E00816B6B /* TableRowsTests.swift in Sources */ = {isa = PBXBuildFile; fileRef = C050FC53236F436E00816B6B /* TableRowsTests.swift */; };
		C050FC56236F443500816B6B /* ServerMockedResponse.json in Resources */ = {isa = PBXBuildFile; fileRef = C050FC55236F443500816B6B /* ServerMockedResponse.json */; };
		C050FC58236F449B00816B6B /* TestUtilities.swift in Sources */ = {isa = PBXBuildFile; fileRef = C050FC57236F449B00816B6B /* TestUtilities.swift */; };
		C050FC5A236F4A3E00816B6B /* UrlImageViewMock.swift in Sources */ = {isa = PBXBuildFile; fileRef = C050FC59236F4A3E00816B6B /* UrlImageViewMock.swift */; };
		C050FC5C236F4D7300816B6B /* UrlSessionMock.swift in Sources */ = {isa = PBXBuildFile; fileRef = C050FC5B236F4D7300816B6B /* UrlSessionMock.swift */; };
		C050FC5E236F54BA00816B6B /* UrlSessionExtensions.swift in Sources */ = {isa = PBXBuildFile; fileRef = C050FC5D236F54BA00816B6B /* UrlSessionExtensions.swift */; };
		C0E8C40F236EF53600794AA7 /* UrlImageView.swift in Sources */ = {isa = PBXBuildFile; fileRef = C0E8C40E236EF53600794AA7 /* UrlImageView.swift */; };
		C0E8C412236EFC1C00794AA7 /* AddCityViewController.swift in Sources */ = {isa = PBXBuildFile; fileRef = C0E8C411236EFC1C00794AA7 /* AddCityViewController.swift */; };
		C0E8C414236F04DF00794AA7 /* SimpleTableViewCell.swift in Sources */ = {isa = PBXBuildFile; fileRef = C0E8C413236F04DF00794AA7 /* SimpleTableViewCell.swift */; };
		C0E8C418236F055800794AA7 /* SimpleTableViewCell.xib in Resources */ = {isa = PBXBuildFile; fileRef = C0E8C416236F055800794AA7 /* SimpleTableViewCell.xib */; };
		C0E8C41E236F080F00794AA7 /* StringExtension.swift in Sources */ = {isa = PBXBuildFile; fileRef = C0E8C41D236F080F00794AA7 /* StringExtension.swift */; };
		C0E8C422236F1B3600794AA7 /* ViewControllerExtension.swift in Sources */ = {isa = PBXBuildFile; fileRef = C0E8C421236F1B3600794AA7 /* ViewControllerExtension.swift */; };
		C0E8C424236F1DE000794AA7 /* LocalDataManager.swift in Sources */ = {isa = PBXBuildFile; fileRef = C0E8C423236F1DE000794AA7 /* LocalDataManager.swift */; };
		C0FDE74C236EC55B0075107D /* AppDelegate.swift in Sources */ = {isa = PBXBuildFile; fileRef = C0FDE74B236EC55B0075107D /* AppDelegate.swift */; };
		C0FDE750236EC55B0075107D /* WeatherListViewController.swift in Sources */ = {isa = PBXBuildFile; fileRef = C0FDE74F236EC55B0075107D /* WeatherListViewController.swift */; };
		C0FDE753236EC55B0075107D /* Main.storyboard in Resources */ = {isa = PBXBuildFile; fileRef = C0FDE751236EC55B0075107D /* Main.storyboard */; };
		C0FDE755236EC55F0075107D /* Assets.xcassets in Resources */ = {isa = PBXBuildFile; fileRef = C0FDE754236EC55F0075107D /* Assets.xcassets */; };
		C0FDE758236EC55F0075107D /* LaunchScreen.storyboard in Resources */ = {isa = PBXBuildFile; fileRef = C0FDE756236EC55F0075107D /* LaunchScreen.storyboard */; };
		C0FDE763236EC5640075107D /* UtilsTests.swift in Sources */ = {isa = PBXBuildFile; fileRef = C0FDE762236EC5640075107D /* UtilsTests.swift */; };
		C0FDE76E236EC5650075107D /* Simply_WeatherUITests.swift in Sources */ = {isa = PBXBuildFile; fileRef = C0FDE76D236EC5650075107D /* Simply_WeatherUITests.swift */; };
		C0FDE77D236EC5BE0075107D /* NetworkManager.swift in Sources */ = {isa = PBXBuildFile; fileRef = C0FDE77C236EC5BE0075107D /* NetworkManager.swift */; };
		C0FDE780236ED4670075107D /* WeatherItem.swift in Sources */ = {isa = PBXBuildFile; fileRef = C0FDE77F236ED4670075107D /* WeatherItem.swift */; };
		C0FDE783236EDA050075107D /* SceneDelegate.swift in Sources */ = {isa = PBXBuildFile; fileRef = C0FDE782236EDA050075107D /* SceneDelegate.swift */; };
		C0FDE786236EDAFA0075107D /* WeatherItemTableViewCell.swift in Sources */ = {isa = PBXBuildFile; fileRef = C0FDE784236EDAFA0075107D /* WeatherItemTableViewCell.swift */; };
		C0FDE787236EDAFA0075107D /* WeatherItemTableViewCell.xib in Resources */ = {isa = PBXBuildFile; fileRef = C0FDE785236EDAFA0075107D /* WeatherItemTableViewCell.xib */; };
		C0FDE789236EE3E00075107D /* WeatherItemParsingError.swift in Sources */ = {isa = PBXBuildFile; fileRef = C0FDE788236EE3E00075107D /* WeatherItemParsingError.swift */; };
/* End PBXBuildFile section */

/* Begin PBXContainerItemProxy section */
		C0FDE75F236EC5640075107D /* PBXContainerItemProxy */ = {
			isa = PBXContainerItemProxy;
			containerPortal = C0FDE740236EC55B0075107D /* Project object */;
			proxyType = 1;
			remoteGlobalIDString = C0FDE747236EC55B0075107D;
			remoteInfo = "Simply Weather";
		};
		C0FDE76A236EC5650075107D /* PBXContainerItemProxy */ = {
			isa = PBXContainerItemProxy;
			containerPortal = C0FDE740236EC55B0075107D /* Project object */;
			proxyType = 1;
			remoteGlobalIDString = C0FDE747236EC55B0075107D;
			remoteInfo = "Simply Weather";
		};
/* End PBXContainerItemProxy section */

/* Begin PBXFileReference section */
		C050FC51236F414100816B6B /* LocalDataManagerMock.swift */ = {isa = PBXFileReference; lastKnownFileType = sourcecode.swift; path = LocalDataManagerMock.swift; sourceTree = "<group>"; };
		C050FC53236F436E00816B6B /* TableRowsTests.swift */ = {isa = PBXFileReference; lastKnownFileType = sourcecode.swift; path = TableRowsTests.swift; sourceTree = "<group>"; };
		C050FC55236F443500816B6B /* ServerMockedResponse.json */ = {isa = PBXFileReference; lastKnownFileType = text.json; path = ServerMockedResponse.json; sourceTree = "<group>"; };
		C050FC57236F449B00816B6B /* TestUtilities.swift */ = {isa = PBXFileReference; lastKnownFileType = sourcecode.swift; path = TestUtilities.swift; sourceTree = "<group>"; };
		C050FC59236F4A3E00816B6B /* UrlImageViewMock.swift */ = {isa = PBXFileReference; lastKnownFileType = sourcecode.swift; path = UrlImageViewMock.swift; sourceTree = "<group>"; };
		C050FC5B236F4D7300816B6B /* UrlSessionMock.swift */ = {isa = PBXFileReference; lastKnownFileType = sourcecode.swift; path = UrlSessionMock.swift; sourceTree = "<group>"; };
		C050FC5D236F54BA00816B6B /* UrlSessionExtensions.swift */ = {isa = PBXFileReference; lastKnownFileType = sourcecode.swift; path = UrlSessionExtensions.swift; sourceTree = "<group>"; };
		C0E8C40E236EF53600794AA7 /* UrlImageView.swift */ = {isa = PBXFileReference; lastKnownFileType = sourcecode.swift; path = UrlImageView.swift; sourceTree = "<group>"; };
		C0E8C411236EFC1C00794AA7 /* AddCityViewController.swift */ = {isa = PBXFileReference; lastKnownFileType = sourcecode.swift; path = AddCityViewController.swift; sourceTree = "<group>"; };
		C0E8C413236F04DF00794AA7 /* SimpleTableViewCell.swift */ = {isa = PBXFileReference; lastKnownFileType = sourcecode.swift; path = SimpleTableViewCell.swift; sourceTree = "<group>"; };
		C0E8C416236F055800794AA7 /* SimpleTableViewCell.xib */ = {isa = PBXFileReference; lastKnownFileType = file.xib; path = SimpleTableViewCell.xib; sourceTree = "<group>"; };
		C0E8C41D236F080F00794AA7 /* StringExtension.swift */ = {isa = PBXFileReference; lastKnownFileType = sourcecode.swift; path = StringExtension.swift; sourceTree = "<group>"; };
		C0E8C421236F1B3600794AA7 /* ViewControllerExtension.swift */ = {isa = PBXFileReference; lastKnownFileType = sourcecode.swift; path = ViewControllerExtension.swift; sourceTree = "<group>"; };
		C0E8C423236F1DE000794AA7 /* LocalDataManager.swift */ = {isa = PBXFileReference; lastKnownFileType = sourcecode.swift; path = LocalDataManager.swift; sourceTree = "<group>"; };
		C0FDE748236EC55B0075107D /* Simply Weather.app */ = {isa = PBXFileReference; explicitFileType = wrapper.application; includeInIndex = 0; path = "Simply Weather.app"; sourceTree = BUILT_PRODUCTS_DIR; };
		C0FDE74B236EC55B0075107D /* AppDelegate.swift */ = {isa = PBXFileReference; lastKnownFileType = sourcecode.swift; path = AppDelegate.swift; sourceTree = "<group>"; };
		C0FDE74F236EC55B0075107D /* WeatherListViewController.swift */ = {isa = PBXFileReference; lastKnownFileType = sourcecode.swift; path = WeatherListViewController.swift; sourceTree = "<group>"; };
		C0FDE752236EC55B0075107D /* Base */ = {isa = PBXFileReference; lastKnownFileType = file.storyboard; name = Base; path = Base.lproj/Main.storyboard; sourceTree = "<group>"; };
		C0FDE754236EC55F0075107D /* Assets.xcassets */ = {isa = PBXFileReference; lastKnownFileType = folder.assetcatalog; path = Assets.xcassets; sourceTree = "<group>"; };
		C0FDE757236EC55F0075107D /* Base */ = {isa = PBXFileReference; lastKnownFileType = file.storyboard; name = Base; path = Base.lproj/LaunchScreen.storyboard; sourceTree = "<group>"; };
		C0FDE759236EC5640075107D /* Info.plist */ = {isa = PBXFileReference; lastKnownFileType = text.plist.xml; path = Info.plist; sourceTree = "<group>"; };
		C0FDE75E236EC5640075107D /* Simply WeatherTests.xctest */ = {isa = PBXFileReference; explicitFileType = wrapper.cfbundle; includeInIndex = 0; path = "Simply WeatherTests.xctest"; sourceTree = BUILT_PRODUCTS_DIR; };
		C0FDE762236EC5640075107D /* UtilsTests.swift */ = {isa = PBXFileReference; lastKnownFileType = sourcecode.swift; path = UtilsTests.swift; sourceTree = "<group>"; };
		C0FDE764236EC5650075107D /* Info.plist */ = {isa = PBXFileReference; lastKnownFileType = text.plist.xml; path = Info.plist; sourceTree = "<group>"; };
		C0FDE769236EC5650075107D /* Simply WeatherUITests.xctest */ = {isa = PBXFileReference; explicitFileType = wrapper.cfbundle; includeInIndex = 0; path = "Simply WeatherUITests.xctest"; sourceTree = BUILT_PRODUCTS_DIR; };
		C0FDE76D236EC5650075107D /* Simply_WeatherUITests.swift */ = {isa = PBXFileReference; lastKnownFileType = sourcecode.swift; path = Simply_WeatherUITests.swift; sourceTree = "<group>"; };
		C0FDE76F236EC5650075107D /* Info.plist */ = {isa = PBXFileReference; lastKnownFileType = text.plist.xml; path = Info.plist; sourceTree = "<group>"; };
		C0FDE77C236EC5BE0075107D /* NetworkManager.swift */ = {isa = PBXFileReference; lastKnownFileType = sourcecode.swift; path = NetworkManager.swift; sourceTree = "<group>"; };
		C0FDE77F236ED4670075107D /* WeatherItem.swift */ = {isa = PBXFileReference; lastKnownFileType = sourcecode.swift; path = WeatherItem.swift; sourceTree = "<group>"; };
		C0FDE782236EDA050075107D /* SceneDelegate.swift */ = {isa = PBXFileReference; fileEncoding = 4; lastKnownFileType = sourcecode.swift; path = SceneDelegate.swift; sourceTree = "<group>"; };
		C0FDE784236EDAFA0075107D /* WeatherItemTableViewCell.swift */ = {isa = PBXFileReference; lastKnownFileType = sourcecode.swift; path = WeatherItemTableViewCell.swift; sourceTree = "<group>"; };
		C0FDE785236EDAFA0075107D /* WeatherItemTableViewCell.xib */ = {isa = PBXFileReference; lastKnownFileType = file.xib; path = WeatherItemTableViewCell.xib; sourceTree = "<group>"; };
		C0FDE788236EE3E00075107D /* WeatherItemParsingError.swift */ = {isa = PBXFileReference; lastKnownFileType = sourcecode.swift; path = WeatherItemParsingError.swift; sourceTree = "<group>"; };
/* End PBXFileReference section */

/* Begin PBXFrameworksBuildPhase section */
		C0FDE745236EC55B0075107D /* Frameworks */ = {
			isa = PBXFrameworksBuildPhase;
			buildActionMask = 2147483647;
			files = (
			);
			runOnlyForDeploymentPostprocessing = 0;
		};
		C0FDE75B236EC5640075107D /* Frameworks */ = {
			isa = PBXFrameworksBuildPhase;
			buildActionMask = 2147483647;
			files = (
			);
			runOnlyForDeploymentPostprocessing = 0;
		};
		C0FDE766236EC5650075107D /* Frameworks */ = {
			isa = PBXFrameworksBuildPhase;
			buildActionMask = 2147483647;
			files = (
			);
			runOnlyForDeploymentPostprocessing = 0;
		};
/* End PBXFrameworksBuildPhase section */

/* Begin PBXGroup section */
		C050FC4C236F3D3300816B6B /* Mocking */ = {
			isa = PBXGroup;
			children = (
				C050FC51236F414100816B6B /* LocalDataManagerMock.swift */,
				C050FC59236F4A3E00816B6B /* UrlImageViewMock.swift */,
				C050FC5B236F4D7300816B6B /* UrlSessionMock.swift */,
			);
			path = Mocking;
			sourceTree = "<group>";
		};
		C0E8C410236EFB2A00794AA7 /* SupportFiles */ = {
			isa = PBXGroup;
			children = (
				C0FDE756236EC55F0075107D /* LaunchScreen.storyboard */,
				C0FDE782236EDA050075107D /* SceneDelegate.swift */,
				C0FDE759236EC5640075107D /* Info.plist */,
				C0FDE754236EC55F0075107D /* Assets.xcassets */,
			);
			path = SupportFiles;
			sourceTree = "<group>";
		};
		C0FDE73F236EC55B0075107D = {
			isa = PBXGroup;
			children = (
				C0FDE74A236EC55B0075107D /* Simply Weather */,
				C0FDE761236EC5640075107D /* Simply WeatherTests */,
				C0FDE76C236EC5650075107D /* Simply WeatherUITests */,
				C0FDE749236EC55B0075107D /* Products */,
			);
			sourceTree = "<group>";
		};
		C0FDE749236EC55B0075107D /* Products */ = {
			isa = PBXGroup;
			children = (
				C0FDE748236EC55B0075107D /* Simply Weather.app */,
				C0FDE75E236EC5640075107D /* Simply WeatherTests.xctest */,
				C0FDE769236EC5650075107D /* Simply WeatherUITests.xctest */,
			);
			name = Products;
			sourceTree = "<group>";
		};
		C0FDE74A236EC55B0075107D /* Simply Weather */ = {
			isa = PBXGroup;
			children = (
				C0FDE74B236EC55B0075107D /* AppDelegate.swift */,
				C0FDE781236ED4920075107D /* View */,
				C0FDE77E236ED4570075107D /* Model */,
				C0FDE77B236EC5830075107D /* Network */,
				C0FDE78A236EE44F0075107D /* Utils */,
				C0E8C410236EFB2A00794AA7 /* SupportFiles */,
				C0FDE751236EC55B0075107D /* Main.storyboard */,
				C0FDE74F236EC55B0075107D /* WeatherListViewController.swift */,
				C0E8C411236EFC1C00794AA7 /* AddCityViewController.swift */,
			);
			path = "Simply Weather";
			sourceTree = "<group>";
		};
		C0FDE761236EC5640075107D /* Simply WeatherTests */ = {
			isa = PBXGroup;
			children = (
				C050FC55236F443500816B6B /* ServerMockedResponse.json */,
				C050FC4C236F3D3300816B6B /* Mocking */,
				C0FDE762236EC5640075107D /* UtilsTests.swift */,
				C0FDE764236EC5650075107D /* Info.plist */,
				C050FC53236F436E00816B6B /* TableRowsTests.swift */,
				C050FC57236F449B00816B6B /* TestUtilities.swift */,
			);
			path = "Simply WeatherTests";
			sourceTree = "<group>";
		};
		C0FDE76C236EC5650075107D /* Simply WeatherUITests */ = {
			isa = PBXGroup;
			children = (
				C0FDE76D236EC5650075107D /* Simply_WeatherUITests.swift */,
				C0FDE76F236EC5650075107D /* Info.plist */,
			);
			path = "Simply WeatherUITests";
			sourceTree = "<group>";
		};
		C0FDE77B236EC5830075107D /* Network */ = {
			isa = PBXGroup;
			children = (
				C0FDE77C236EC5BE0075107D /* NetworkManager.swift */,
			);
			path = Network;
			sourceTree = "<group>";
		};
		C0FDE77E236ED4570075107D /* Model */ = {
			isa = PBXGroup;
			children = (
				C0FDE77F236ED4670075107D /* WeatherItem.swift */,
			);
			path = Model;
			sourceTree = "<group>";
		};
		C0FDE781236ED4920075107D /* View */ = {
			isa = PBXGroup;
			children = (
				C0FDE784236EDAFA0075107D /* WeatherItemTableViewCell.swift */,
				C0FDE785236EDAFA0075107D /* WeatherItemTableViewCell.xib */,
				C0E8C413236F04DF00794AA7 /* SimpleTableViewCell.swift */,
				C0E8C416236F055800794AA7 /* SimpleTableViewCell.xib */,
			);
			path = View;
			sourceTree = "<group>";
		};
		C0FDE78A236EE44F0075107D /* Utils */ = {
			isa = PBXGroup;
			children = (
				C0FDE78B236EE4590075107D /* Exceptions */,
				C0E8C40E236EF53600794AA7 /* UrlImageView.swift */,
				C0E8C41D236F080F00794AA7 /* StringExtension.swift */,
				C0E8C421236F1B3600794AA7 /* ViewControllerExtension.swift */,
				C0E8C423236F1DE000794AA7 /* LocalDataManager.swift */,
				C050FC5D236F54BA00816B6B /* UrlSessionExtensions.swift */,
			);
			path = Utils;
			sourceTree = "<group>";
		};
		C0FDE78B236EE4590075107D /* Exceptions */ = {
			isa = PBXGroup;
			children = (
				C0FDE788236EE3E00075107D /* WeatherItemParsingError.swift */,
			);
			path = Exceptions;
			sourceTree = "<group>";
		};
/* End PBXGroup section */

/* Begin PBXNativeTarget section */
		C0FDE747236EC55B0075107D /* Simply Weather */ = {
			isa = PBXNativeTarget;
			buildConfigurationList = C0FDE772236EC5650075107D /* Build configuration list for PBXNativeTarget "Simply Weather" */;
			buildPhases = (
				C0FDE744236EC55B0075107D /* Sources */,
				C0FDE745236EC55B0075107D /* Frameworks */,
				C0FDE746236EC55B0075107D /* Resources */,
			);
			buildRules = (
			);
			dependencies = (
			);
			name = "Simply Weather";
			productName = "Simply Weather";
			productReference = C0FDE748236EC55B0075107D /* Simply Weather.app */;
			productType = "com.apple.product-type.application";
		};
		C0FDE75D236EC5640075107D /* Simply WeatherTests */ = {
			isa = PBXNativeTarget;
			buildConfigurationList = C0FDE775236EC5650075107D /* Build configuration list for PBXNativeTarget "Simply WeatherTests" */;
			buildPhases = (
				C0FDE75A236EC5640075107D /* Sources */,
				C0FDE75B236EC5640075107D /* Frameworks */,
				C0FDE75C236EC5640075107D /* Resources */,
			);
			buildRules = (
			);
			dependencies = (
				C0FDE760236EC5640075107D /* PBXTargetDependency */,
			);
			name = "Simply WeatherTests";
			productName = "Simply WeatherTests";
			productReference = C0FDE75E236EC5640075107D /* Simply WeatherTests.xctest */;
			productType = "com.apple.product-type.bundle.unit-test";
		};
		C0FDE768236EC5650075107D /* Simply WeatherUITests */ = {
			isa = PBXNativeTarget;
			buildConfigurationList = C0FDE778236EC5650075107D /* Build configuration list for PBXNativeTarget "Simply WeatherUITests" */;
			buildPhases = (
				C0FDE765236EC5650075107D /* Sources */,
				C0FDE766236EC5650075107D /* Frameworks */,
				C0FDE767236EC5650075107D /* Resources */,
			);
			buildRules = (
			);
			dependencies = (
				C0FDE76B236EC5650075107D /* PBXTargetDependency */,
			);
			name = "Simply WeatherUITests";
			productName = "Simply WeatherUITests";
			productReference = C0FDE769236EC5650075107D /* Simply WeatherUITests.xctest */;
			productType = "com.apple.product-type.bundle.ui-testing";
		};
/* End PBXNativeTarget section */

/* Begin PBXProject section */
		C0FDE740236EC55B0075107D /* Project object */ = {
			isa = PBXProject;
			attributes = {
				LastSwiftUpdateCheck = 1110;
				LastUpgradeCheck = 1110;
				ORGANIZATIONNAME = "Gabriel Moreno";
				TargetAttributes = {
					C0FDE747236EC55B0075107D = {
						CreatedOnToolsVersion = 11.1;
					};
					C0FDE75D236EC5640075107D = {
						CreatedOnToolsVersion = 11.1;
						TestTargetID = C0FDE747236EC55B0075107D;
					};
					C0FDE768236EC5650075107D = {
						CreatedOnToolsVersion = 11.1;
						TestTargetID = C0FDE747236EC55B0075107D;
					};
				};
			};
			buildConfigurationList = C0FDE743236EC55B0075107D /* Build configuration list for PBXProject "Simply Weather" */;
			compatibilityVersion = "Xcode 9.3";
			developmentRegion = en;
			hasScannedForEncodings = 0;
			knownRegions = (
				en,
				Base,
			);
			mainGroup = C0FDE73F236EC55B0075107D;
			productRefGroup = C0FDE749236EC55B0075107D /* Products */;
			projectDirPath = "";
			projectRoot = "";
			targets = (
				C0FDE747236EC55B0075107D /* Simply Weather */,
				C0FDE75D236EC5640075107D /* Simply WeatherTests */,
				C0FDE768236EC5650075107D /* Simply WeatherUITests */,
			);
		};
/* End PBXProject section */

/* Begin PBXResourcesBuildPhase section */
		C0FDE746236EC55B0075107D /* Resources */ = {
			isa = PBXResourcesBuildPhase;
			buildActionMask = 2147483647;
			files = (
				C0FDE758236EC55F0075107D /* LaunchScreen.storyboard in Resources */,
				C0FDE755236EC55F0075107D /* Assets.xcassets in Resources */,
				C0FDE753236EC55B0075107D /* Main.storyboard in Resources */,
				C0FDE787236EDAFA0075107D /* WeatherItemTableViewCell.xib in Resources */,
				C0E8C418236F055800794AA7 /* SimpleTableViewCell.xib in Resources */,
			);
			runOnlyForDeploymentPostprocessing = 0;
		};
		C0FDE75C236EC5640075107D /* Resources */ = {
			isa = PBXResourcesBuildPhase;
			buildActionMask = 2147483647;
			files = (
				C050FC56236F443500816B6B /* ServerMockedResponse.json in Resources */,
			);
			runOnlyForDeploymentPostprocessing = 0;
		};
		C0FDE767236EC5650075107D /* Resources */ = {
			isa = PBXResourcesBuildPhase;
			buildActionMask = 2147483647;
			files = (
			);
			runOnlyForDeploymentPostprocessing = 0;
		};
/* End PBXResourcesBuildPhase section */

/* Begin PBXSourcesBuildPhase section */
		C0FDE744236EC55B0075107D /* Sources */ = {
			isa = PBXSourcesBuildPhase;
			buildActionMask = 2147483647;
			files = (
				C0E8C422236F1B3600794AA7 /* ViewControllerExtension.swift in Sources */,
				C0E8C424236F1DE000794AA7 /* LocalDataManager.swift in Sources */,
				C0FDE783236EDA050075107D /* SceneDelegate.swift in Sources */,
				C0FDE750236EC55B0075107D /* WeatherListViewController.swift in Sources */,
				C050FC5E236F54BA00816B6B /* UrlSessionExtensions.swift in Sources */,
				C0E8C40F236EF53600794AA7 /* UrlImageView.swift in Sources */,
				C0E8C414236F04DF00794AA7 /* SimpleTableViewCell.swift in Sources */,
				C0FDE77D236EC5BE0075107D /* NetworkManager.swift in Sources */,
				C0E8C412236EFC1C00794AA7 /* AddCityViewController.swift in Sources */,
				C0FDE780236ED4670075107D /* WeatherItem.swift in Sources */,
				C0FDE74C236EC55B0075107D /* AppDelegate.swift in Sources */,
				C0FDE789236EE3E00075107D /* WeatherItemParsingError.swift in Sources */,
				C0E8C41E236F080F00794AA7 /* StringExtension.swift in Sources */,
				C0FDE786236EDAFA0075107D /* WeatherItemTableViewCell.swift in Sources */,
			);
			runOnlyForDeploymentPostprocessing = 0;
		};
		C0FDE75A236EC5640075107D /* Sources */ = {
			isa = PBXSourcesBuildPhase;
			buildActionMask = 2147483647;
			files = (
				C050FC5C236F4D7300816B6B /* UrlSessionMock.swift in Sources */,
				C050FC5A236F4A3E00816B6B /* UrlImageViewMock.swift in Sources */,
				C0FDE763236EC5640075107D /* UtilsTests.swift in Sources */,
				C050FC54236F436E00816B6B /* TableRowsTests.swift in Sources */,
				C050FC58236F449B00816B6B /* TestUtilities.swift in Sources */,
				C050FC52236F414100816B6B /* LocalDataManagerMock.swift in Sources */,
			);
			runOnlyForDeploymentPostprocessing = 0;
		};
		C0FDE765236EC5650075107D /* Sources */ = {
			isa = PBXSourcesBuildPhase;
			buildActionMask = 2147483647;
			files = (
				C0FDE76E236EC5650075107D /* Simply_WeatherUITests.swift in Sources */,
			);
			runOnlyForDeploymentPostprocessing = 0;
		};
/* End PBXSourcesBuildPhase section */

/* Begin PBXTargetDependency section */
		C0FDE760236EC5640075107D /* PBXTargetDependency */ = {
			isa = PBXTargetDependency;
			target = C0FDE747236EC55B0075107D /* Simply Weather */;
			targetProxy = C0FDE75F236EC5640075107D /* PBXContainerItemProxy */;
		};
		C0FDE76B236EC5650075107D /* PBXTargetDependency */ = {
			isa = PBXTargetDependency;
			target = C0FDE747236EC55B0075107D /* Simply Weather */;
			targetProxy = C0FDE76A236EC5650075107D /* PBXContainerItemProxy */;
		};
/* End PBXTargetDependency section */

/* Begin PBXVariantGroup section */
		C0FDE751236EC55B0075107D /* Main.storyboard */ = {
			isa = PBXVariantGroup;
			children = (
				C0FDE752236EC55B0075107D /* Base */,
			);
			name = Main.storyboard;
			sourceTree = "<group>";
		};
		C0FDE756236EC55F0075107D /* LaunchScreen.storyboard */ = {
			isa = PBXVariantGroup;
			children = (
				C0FDE757236EC55F0075107D /* Base */,
			);
			name = LaunchScreen.storyboard;
			sourceTree = "<group>";
		};
/* End PBXVariantGroup section */

/* Begin XCBuildConfiguration section */
		C0FDE770236EC5650075107D /* Debug */ = {
			isa = XCBuildConfiguration;
			buildSettings = {
				ALWAYS_SEARCH_USER_PATHS = NO;
				CLANG_ANALYZER_NONNULL = YES;
				CLANG_ANALYZER_NUMBER_OBJECT_CONVERSION = YES_AGGRESSIVE;
				CLANG_CXX_LANGUAGE_STANDARD = "gnu++14";
				CLANG_CXX_LIBRARY = "libc++";
				CLANG_ENABLE_MODULES = YES;
				CLANG_ENABLE_OBJC_ARC = YES;
				CLANG_ENABLE_OBJC_WEAK = YES;
				CLANG_WARN_BLOCK_CAPTURE_AUTORELEASING = YES;
				CLANG_WARN_BOOL_CONVERSION = YES;
				CLANG_WARN_COMMA = YES;
				CLANG_WARN_CONSTANT_CONVERSION = YES;
				CLANG_WARN_DEPRECATED_OBJC_IMPLEMENTATIONS = YES;
				CLANG_WARN_DIRECT_OBJC_ISA_USAGE = YES_ERROR;
				CLANG_WARN_DOCUMENTATION_COMMENTS = YES;
				CLANG_WARN_EMPTY_BODY = YES;
				CLANG_WARN_ENUM_CONVERSION = YES;
				CLANG_WARN_INFINITE_RECURSION = YES;
				CLANG_WARN_INT_CONVERSION = YES;
				CLANG_WARN_NON_LITERAL_NULL_CONVERSION = YES;
				CLANG_WARN_OBJC_IMPLICIT_RETAIN_SELF = YES;
				CLANG_WARN_OBJC_LITERAL_CONVERSION = YES;
				CLANG_WARN_OBJC_ROOT_CLASS = YES_ERROR;
				CLANG_WARN_RANGE_LOOP_ANALYSIS = YES;
				CLANG_WARN_STRICT_PROTOTYPES = YES;
				CLANG_WARN_SUSPICIOUS_MOVE = YES;
				CLANG_WARN_UNGUARDED_AVAILABILITY = YES_AGGRESSIVE;
				CLANG_WARN_UNREACHABLE_CODE = YES;
				CLANG_WARN__DUPLICATE_METHOD_MATCH = YES;
				COPY_PHASE_STRIP = NO;
				DEBUG_INFORMATION_FORMAT = dwarf;
				ENABLE_STRICT_OBJC_MSGSEND = YES;
				ENABLE_TESTABILITY = YES;
				GCC_C_LANGUAGE_STANDARD = gnu11;
				GCC_DYNAMIC_NO_PIC = NO;
				GCC_NO_COMMON_BLOCKS = YES;
				GCC_OPTIMIZATION_LEVEL = 0;
				GCC_PREPROCESSOR_DEFINITIONS = (
					"DEBUG=1",
					"$(inherited)",
				);
				GCC_WARN_64_TO_32_BIT_CONVERSION = YES;
				GCC_WARN_ABOUT_RETURN_TYPE = YES_ERROR;
				GCC_WARN_UNDECLARED_SELECTOR = YES;
				GCC_WARN_UNINITIALIZED_AUTOS = YES_AGGRESSIVE;
				GCC_WARN_UNUSED_FUNCTION = YES;
				GCC_WARN_UNUSED_VARIABLE = YES;
				IPHONEOS_DEPLOYMENT_TARGET = 13.1;
				MTL_ENABLE_DEBUG_INFO = INCLUDE_SOURCE;
				MTL_FAST_MATH = YES;
				ONLY_ACTIVE_ARCH = YES;
				SDKROOT = iphoneos;
				SWIFT_ACTIVE_COMPILATION_CONDITIONS = DEBUG;
				SWIFT_OPTIMIZATION_LEVEL = "-Onone";
			};
			name = Debug;
		};
		C0FDE771236EC5650075107D /* Release */ = {
			isa = XCBuildConfiguration;
			buildSettings = {
				ALWAYS_SEARCH_USER_PATHS = NO;
				CLANG_ANALYZER_NONNULL = YES;
				CLANG_ANALYZER_NUMBER_OBJECT_CONVERSION = YES_AGGRESSIVE;
				CLANG_CXX_LANGUAGE_STANDARD = "gnu++14";
				CLANG_CXX_LIBRARY = "libc++";
				CLANG_ENABLE_MODULES = YES;
				CLANG_ENABLE_OBJC_ARC = YES;
				CLANG_ENABLE_OBJC_WEAK = YES;
				CLANG_WARN_BLOCK_CAPTURE_AUTORELEASING = YES;
				CLANG_WARN_BOOL_CONVERSION = YES;
				CLANG_WARN_COMMA = YES;
				CLANG_WARN_CONSTANT_CONVERSION = YES;
				CLANG_WARN_DEPRECATED_OBJC_IMPLEMENTATIONS = YES;
				CLANG_WARN_DIRECT_OBJC_ISA_USAGE = YES_ERROR;
				CLANG_WARN_DOCUMENTATION_COMMENTS = YES;
				CLANG_WARN_EMPTY_BODY = YES;
				CLANG_WARN_ENUM_CONVERSION = YES;
				CLANG_WARN_INFINITE_RECURSION = YES;
				CLANG_WARN_INT_CONVERSION = YES;
				CLANG_WARN_NON_LITERAL_NULL_CONVERSION = YES;
				CLANG_WARN_OBJC_IMPLICIT_RETAIN_SELF = YES;
				CLANG_WARN_OBJC_LITERAL_CONVERSION = YES;
				CLANG_WARN_OBJC_ROOT_CLASS = YES_ERROR;
				CLANG_WARN_RANGE_LOOP_ANALYSIS = YES;
				CLANG_WARN_STRICT_PROTOTYPES = YES;
				CLANG_WARN_SUSPICIOUS_MOVE = YES;
				CLANG_WARN_UNGUARDED_AVAILABILITY = YES_AGGRESSIVE;
				CLANG_WARN_UNREACHABLE_CODE = YES;
				CLANG_WARN__DUPLICATE_METHOD_MATCH = YES;
				COPY_PHASE_STRIP = NO;
				DEBUG_INFORMATION_FORMAT = "dwarf-with-dsym";
				ENABLE_NS_ASSERTIONS = NO;
				ENABLE_STRICT_OBJC_MSGSEND = YES;
				GCC_C_LANGUAGE_STANDARD = gnu11;
				GCC_NO_COMMON_BLOCKS = YES;
				GCC_WARN_64_TO_32_BIT_CONVERSION = YES;
				GCC_WARN_ABOUT_RETURN_TYPE = YES_ERROR;
				GCC_WARN_UNDECLARED_SELECTOR = YES;
				GCC_WARN_UNINITIALIZED_AUTOS = YES_AGGRESSIVE;
				GCC_WARN_UNUSED_FUNCTION = YES;
				GCC_WARN_UNUSED_VARIABLE = YES;
				IPHONEOS_DEPLOYMENT_TARGET = 13.1;
				MTL_ENABLE_DEBUG_INFO = NO;
				MTL_FAST_MATH = YES;
				SDKROOT = iphoneos;
				SWIFT_COMPILATION_MODE = wholemodule;
				SWIFT_OPTIMIZATION_LEVEL = "-O";
				VALIDATE_PRODUCT = YES;
			};
			name = Release;
		};
		C0FDE773236EC5650075107D /* Debug */ = {
			isa = XCBuildConfiguration;
			buildSettings = {
				ASSETCATALOG_COMPILER_APPICON_NAME = AppIcon;
				CODE_SIGN_STYLE = Automatic;
				DEVELOPMENT_TEAM = 76P3MYQWG3;
				INFOPLIST_FILE = "Simply Weather/SupportFiles/Info.plist";
				LD_RUNPATH_SEARCH_PATHS = (
					"$(inherited)",
					"@executable_path/Frameworks",
				);
				NETWORK_API_KEY = 574f3145a37ddb51a03771d3e5312c78;
				NETWORK_API_URL = "https://api.openweathermap.org/data/2.5/weather";
				PRODUCT_BUNDLE_IDENTIFIER = "com.moreno.gabriel.Simply-Weather";
				PRODUCT_NAME = "$(TARGET_NAME)";
				SWIFT_VERSION = 5.0;
				TARGETED_DEVICE_FAMILY = "1,2";
			};
			name = Debug;
		};
		C0FDE774236EC5650075107D /* Release */ = {
			isa = XCBuildConfiguration;
			buildSettings = {
				ASSETCATALOG_COMPILER_APPICON_NAME = AppIcon;
				CODE_SIGN_STYLE = Automatic;
				DEVELOPMENT_TEAM = 76P3MYQWG3;
				INFOPLIST_FILE = "Simply Weather/SupportFiles/Info.plist";
				LD_RUNPATH_SEARCH_PATHS = (
					"$(inherited)",
					"@executable_path/Frameworks",
				);
				NETWORK_API_KEY = 574f3145a37ddb51a03771d3e5312c78;
				NETWORK_API_URL = "https://api.openweathermap.org/data/2.5/weather";
				PRODUCT_BUNDLE_IDENTIFIER = "com.moreno.gabriel.Simply-Weather";
				PRODUCT_NAME = "$(TARGET_NAME)";
				SWIFT_VERSION = 5.0;
				TARGETED_DEVICE_FAMILY = "1,2";
			};
			name = Release;
		};
		C0FDE776236EC5650075107D /* Debug */ = {
			isa = XCBuildConfiguration;
			buildSettings = {
				ALWAYS_EMBED_SWIFT_STANDARD_LIBRARIES = YES;
				BUNDLE_LOADER = "$(TEST_HOST)";
				CODE_SIGN_STYLE = Automatic;
				DEVELOPMENT_TEAM = 76P3MYQWG3;
				INFOPLIST_FILE = "Simply WeatherTests/Info.plist";
				IPHONEOS_DEPLOYMENT_TARGET = 13.1;
				LD_RUNPATH_SEARCH_PATHS = (
					"$(inherited)",
					"@executable_path/Frameworks",
					"@loader_path/Frameworks",
				);
				PRODUCT_BUNDLE_IDENTIFIER = "com.moreno.gabriel.Simply-WeatherTests";
				PRODUCT_NAME = "$(TARGET_NAME)";
				SWIFT_VERSION = 5.0;
				TARGETED_DEVICE_FAMILY = "1,2";
				TEST_HOST = "$(BUILT_PRODUCTS_DIR)/Simply Weather.app/Simply Weather";
			};
			name = Debug;
		};
		C0FDE777236EC5650075107D /* Release */ = {
			isa = XCBuildConfiguration;
			buildSettings = {
				ALWAYS_EMBED_SWIFT_STANDARD_LIBRARIES = YES;
				BUNDLE_LOADER = "$(TEST_HOST)";
				CODE_SIGN_STYLE = Automatic;
				DEVELOPMENT_TEAM = 76P3MYQWG3;
				INFOPLIST_FILE = "Simply WeatherTests/Info.plist";
				IPHONEOS_DEPLOYMENT_TARGET = 13.1;
				LD_RUNPATH_SEARCH_PATHS = (
					"$(inherited)",
					"@executable_path/Frameworks",
					"@loader_path/Frameworks",
				);
				PRODUCT_BUNDLE_IDENTIFIER = "com.moreno.gabriel.Simply-WeatherTests";
				PRODUCT_NAME = "$(TARGET_NAME)";
				SWIFT_VERSION = 5.0;
				TARGETED_DEVICE_FAMILY = "1,2";
				TEST_HOST = "$(BUILT_PRODUCTS_DIR)/Simply Weather.app/Simply Weather";
			};
			name = Release;
		};
		C0FDE779236EC5650075107D /* Debug */ = {
			isa = XCBuildConfiguration;
			buildSettings = {
				ALWAYS_EMBED_SWIFT_STANDARD_LIBRARIES = YES;
				CODE_SIGN_STYLE = Automatic;
				DEVELOPMENT_TEAM = 76P3MYQWG3;
				INFOPLIST_FILE = "Simply WeatherUITests/Info.plist";
				LD_RUNPATH_SEARCH_PATHS = (
					"$(inherited)",
					"@executable_path/Frameworks",
					"@loader_path/Frameworks",
				);
				PRODUCT_BUNDLE_IDENTIFIER = "com.moreno.gabriel.Simply-WeatherUITests";
				PRODUCT_NAME = "$(TARGET_NAME)";
				SWIFT_VERSION = 5.0;
				TARGETED_DEVICE_FAMILY = "1,2";
				TEST_TARGET_NAME = "Simply Weather";
			};
			name = Debug;
		};
		C0FDE77A236EC5650075107D /* Release */ = {
			isa = XCBuildConfiguration;
			buildSettings = {
				ALWAYS_EMBED_SWIFT_STANDARD_LIBRARIES = YES;
				CODE_SIGN_STYLE = Automatic;
				DEVELOPMENT_TEAM = 76P3MYQWG3;
				INFOPLIST_FILE = "Simply WeatherUITests/Info.plist";
				LD_RUNPATH_SEARCH_PATHS = (
					"$(inherited)",
					"@executable_path/Frameworks",
					"@loader_path/Frameworks",
				);
				PRODUCT_BUNDLE_IDENTIFIER = "com.moreno.gabriel.Simply-WeatherUITests";
				PRODUCT_NAME = "$(TARGET_NAME)";
				SWIFT_VERSION = 5.0;
				TARGETED_DEVICE_FAMILY = "1,2";
				TEST_TARGET_NAME = "Simply Weather";
			};
			name = Release;
		};
/* End XCBuildConfiguration section */

/* Begin XCConfigurationList section */
		C0FDE743236EC55B0075107D /* Build configuration list for PBXProject "Simply Weather" */ = {
			isa = XCConfigurationList;
			buildConfigurations = (
				C0FDE770236EC5650075107D /* Debug */,
				C0FDE771236EC5650075107D /* Release */,
			);
			defaultConfigurationIsVisible = 0;
			defaultConfigurationName = Release;
		};
		C0FDE772236EC5650075107D /* Build configuration list for PBXNativeTarget "Simply Weather" */ = {
			isa = XCConfigurationList;
			buildConfigurations = (
				C0FDE773236EC5650075107D /* Debug */,
				C0FDE774236EC5650075107D /* Release */,
			);
			defaultConfigurationIsVisible = 0;
			defaultConfigurationName = Release;
		};
		C0FDE775236EC5650075107D /* Build configuration list for PBXNativeTarget "Simply WeatherTests" */ = {
			isa = XCConfigurationList;
			buildConfigurations = (
				C0FDE776236EC5650075107D /* Debug */,
				C0FDE777236EC5650075107D /* Release */,
			);
			defaultConfigurationIsVisible = 0;
			defaultConfigurationName = Release;
		};
		C0FDE778236EC5650075107D /* Build configuration list for PBXNativeTarget "Simply WeatherUITests" */ = {
			isa = XCConfigurationList;
			buildConfigurations = (
				C0FDE779236EC5650075107D /* Debug */,
				C0FDE77A236EC5650075107D /* Release */,
			);
			defaultConfigurationIsVisible = 0;
			defaultConfigurationName = Release;
		};
/* End XCConfigurationList section */
	};
	rootObject = C0FDE740236EC55B0075107D /* Project object */;
}
